PODS:
  - AFNetworking (4.0.1):
    - AFNetworking/NSURLSession (= 4.0.1)
    - AFNetworking/Reachability (= 4.0.1)
    - AFNetworking/Security (= 4.0.1)
    - AFNetworking/Serialization (= 4.0.1)
    - AFNetworking/UIKit (= 4.0.1)
  - AFNetworking/NSURLSession (4.0.1):
    - AFNetworking/Reachability
    - AFNetworking/Security
    - AFNetworking/Serialization
  - AFNetworking/Reachability (4.0.1)
  - AFNetworking/Security (4.0.1)
  - AFNetworking/Serialization (4.0.1)
  - AFNetworking/UIKit (4.0.1):
    - AFNetworking/NSURLSession
  - Alamofire (5.6.2)
  - lottie-ios (4.1.2)
  - Realm (10.32.2):
    - Realm/Headers (= 10.32.2)
  - Realm/Headers (10.32.2)
  - RealmSwift (10.32.2):
    - Realm (= 10.32.2)
  - SDWebImage (5.13.5):
    - SDWebImage/Core (= 5.13.5)
  - SDWebImage/Core (5.13.5)
  - youtube-ios-player-helper (1.0.4)
  - YouTubePlayer (0.7.2)

DEPENDENCIES:
  - AFNetworking
  - Alamofire
  - lottie-ios
  - RealmSwift
  - SDWebImage
  - youtube-ios-player-helper
  - YouTubePlayer

SPEC REPOS:
  trunk:
    - AFNetworking
    - Alamofire
    - lottie-ios
    - Realm
    - RealmSwift
    - SDWebImage
    - youtube-ios-player-helper
    - YouTubePlayer

SPEC CHECKSUMS:
  AFNetworking: 3bd23d814e976cd148d7d44c3ab78017b744cd58
  Alamofire: d368e1ff8a298e6dde360e35a3e68e6c610e7204
  lottie-ios: b3846a9fa8ca1a1a3bebfa256ebe8b6fd4aaaaad
  Realm: a11d133606e898ee43ddd3c24050a382c8d3eab1
  RealmSwift: f796f7701a5efa031554d5639ef5b2d4c850bc74
  SDWebImage: 23d714cd599354ee7906dbae26dff89b421c4370
  youtube-ios-player-helper: e9b97535e816db3152179d84d999bc1807ecd689
  YouTubePlayer: 2b5f2830d8f9b2cde942083211291e382c9e6bd5

PODFILE CHECKSUM: d671291573a4444a433c22f377e2c3ded1cf3b80

COCOAPODS: 1.11.3
